
Microsoft Visual Studio Solution File, Format Version 12.00
# Visual Studio Version 17
VisualStudioVersion = 17.6.33723.286
MinimumVisualStudioVersion = 10.0.40219.1
Project("{9A19103F-16F7-4668-BE54-9A1E7A4F7556}") = "AutomationPipeline", "AutomationPipeline\AutomationPipeline.csproj", "{50EE3B88-6845-4E46-9F36-865278E07E0F}"
EndProject
Project("{FAE04EC0-301F-11D3-BF4B-00C04F79EFBC}") = "Refrigerator", "Refrigerator\Refrigerator.csproj", "{FB2CEE1A-ACAA-4EE2-89C1-2937250F887E}"
EndProject
Global
	GlobalSection(SolutionConfigurationPlatforms) = preSolution
		Debug|Any CPU = Debug|Any CPU
		Release|Any CPU = Release|Any CPU
	EndGlobalSection
	GlobalSection(ProjectConfigurationPlatforms) = postSolution
		{50EE3B88-6845-4E46-9F36-865278E07E0F}.Debug|Any CPU.ActiveCfg = Debug|Any CPU
		{50EE3B88-6845-4E46-9F36-865278E07E0F}.Debug|Any CPU.Build.0 = Debug|Any CPU
		{50EE3B88-6845-4E46-9F36-865278E07E0F}.Release|Any CPU.ActiveCfg = Release|Any CPU
		{50EE3B88-6845-4E46-9F36-865278E07E0F}.Release|Any CPU.Build.0 = Release|Any CPU
		{FB2CEE1A-ACAA-4EE2-89C1-2937250F887E}.Debug|Any CPU.ActiveCfg = Debug|Any CPU
		{FB2CEE1A-ACAA-4EE2-89C1-2937250F887E}.Debug|Any CPU.Build.0 = Debug|Any CPU
		{FB2CEE1A-ACAA-4EE2-89C1-2937250F887E}.Release|Any CPU.ActiveCfg = Release|Any CPU
		{FB2CEE1A-ACAA-4EE2-89C1-2937250F887E}.Release|Any CPU.Build.0 = Release|Any CPU
	EndGlobalSection
	GlobalSection(SolutionProperties) = preSolution
		HideSolutionNode = FALSE
	EndGlobalSection
	GlobalSection(ExtensibilityGlobals) = postSolution
		SolutionGuid = {54D7C5BB-96A5-45D1-ADDA-B365828DBDAD}
	EndGlobalSection
EndGlobal
